PODS:
  - Flutter (1.0.0)
  - screen (0.0.1):
    - Flutter

DEPENDENCIES:
  - Flutter (from `/Users/ened/dev/flutter/bin/cache/artifacts/engine/ios`)
  - screen (from `/Users/ened/git/ened.flutter_screen/ios`)

EXTERNAL SOURCES:
  Flutter:
    :path: "/Users/ened/dev/flutter/bin/cache/artifacts/engine/ios"
  screen:
    :path: "/Users/ened/git/ened.flutter_screen/ios"

SPEC CHECKSUMS:
  Flutter: 58dd7d1b27887414a370fcccb9e645c08ffd7a6a
  screen: abd91ca7bf3426e1cc3646d27e9b2358d6bf07b0

PODFILE CHECKSUM: 351e02e34b831289961ec3558a535cbd2c4965d2

COCOAPODS: 1.7.0
